{
  "name": "esenho",
  "version": "0.10.81",
  "lockfileVersion": 3,
  "requires": true,
  "packages": {
    "": {
      "name": "esenho",
      "version": "0.10.81",
      "license": "ISC",
      "dependencies": {
        "dockview-core": "^8.3.1"
      }
    },
    "node_modules/dockview-core": {
      "version": "8.3.1",
      "resolved": "https://registry.npmjs.org/dockview-core/-/dockview-core-8.3.1.tgz",
      "integrity": "sha512-6Loais9hlIRo25sTQSWGWlgbPr22ddoLBzpGDFaTnocawnC45twp5f2S2WxUz5/HPa/a65I4yxKUqZa8xrcc5Q==",
      "license": "MIT"
    }
  }
}
