{
  "name": "esenho",
  "version": "0.10.122",
  "lockfileVersion": 3,
  "requires": true,
  "packages": {
    "": {
      "name": "esenho",
      "version": "0.10.122",
      "license": "ISC",
      "dependencies": {
        "dockview-core": "^8.4.0"
      }
    },
    "node_modules/dockview-core": {
      "version": "8.4.0",
      "resolved": "https://registry.npmjs.org/dockview-core/-/dockview-core-8.4.0.tgz",
      "integrity": "sha512-aMYJZwxeV5HcXFVwDbSxEcNz+ECZmZKea90DsW/Q2cIQvoopy7C2oJun0uefWaghVeYxFlEsTqFf3c6cDyAUDQ==",
      "license": "MIT"
    }
  }
}
